
Microsoft Visual Studio Solution File, Format Version 12.00
# Visual Studio Version 17
VisualStudioVersion = 17.5.002.0
MinimumVisualStudioVersion = 10.0.40219.1
Project("{9A19103F-16F7-4668-BE54-9A1E7A4F7556}") = "Backend_Excel", "Backend_Excel\Backend_Excel.csproj", "{E312A913-800F-4F9C-AE90-6E403D69FAC5}"
EndProject
Project("{9A19103F-16F7-4668-BE54-9A1E7A4F7556}") = "Backend_Excel_funcDB", "Backend_Excel_funcDB\Backend_Excel_funcDB.csproj", "{070AB185-0F6D-4205-AE5C-D7772EDAEE77}"
EndProject
Project("{9A19103F-16F7-4668-BE54-9A1E7A4F7556}") = "BE_Practice", "BE_Practice\BE_Practice.csproj", "{C32B3863-BD31-4804-9E00-3323A308AC5E}"
EndProject
Project("{9A19103F-16F7-4668-BE54-9A1E7A4F7556}") = "daY 7", "Day 7\daY 7.csproj", "{39D13A02-290C-4106-9590-66D1BDB34EDB}"
EndProject
Project("{9A19103F-16F7-4668-BE54-9A1E7A4F7556}") = "excelCloneTask", "excelCloneTask\excelCloneTask.csproj", "{7B6B60D9-8CF5-46CE-9450-819BD43F6484}"
EndProject
Project("{9A19103F-16F7-4668-BE54-9A1E7A4F7556}") = "Push Chunks into DB", "Push Chunks into DB\Push Chunks into DB.csproj", "{1697605E-9280-4BC1-B133-8253A880AAAA}"
EndProject
Project("{2150E333-8FDC-42A3-9474-1A3956D46DE8}") = "Day 10", "Day 10", "{32744C8C-CF32-4E7C-A75E-6BEA4A52AC70}"
EndProject
Project("{9A19103F-16F7-4668-BE54-9A1E7A4F7556}") = "Excel Clone first", "Day 10\Excel Clone first\Excel Clone first.csproj", "{0F9B6EDA-4D75-4728-974B-642F07B3287C}"
EndProject
Project("{2150E333-8FDC-42A3-9474-1A3956D46DE8}") = "Learning Projects", "Learning Projects", "{72165994-8ED0-4078-94DF-0D2114B8F3C3}"
EndProject
Project("{9A19103F-16F7-4668-BE54-9A1E7A4F7556}") = "test1", "Learning Projects\test1\test1.csproj", "{A11B989E-6506-4FC1-AD53-37F84A5EB8CA}"
EndProject
Project("{2150E333-8FDC-42A3-9474-1A3956D46DE8}") = "SeriosBackend", "SeriosBackend", "{E03F0C14-802B-4489-9369-2E3B3B5BF527}"
EndProject
Project("{9A19103F-16F7-4668-BE54-9A1E7A4F7556}") = "backendAPI", "SeriosBackend\backendAPI\backendAPI.csproj", "{2AA2BE3C-6651-46F2-AED1-6DB8C70442F7}"
EndProject
Global
	GlobalSection(SolutionConfigurationPlatforms) = preSolution
		Debug|Any CPU = Debug|Any CPU
		Release|Any CPU = Release|Any CPU
	EndGlobalSection
	GlobalSection(ProjectConfigurationPlatforms) = postSolution
		{E312A913-800F-4F9C-AE90-6E403D69FAC5}.Debug|Any CPU.ActiveCfg = Debug|Any CPU
		{E312A913-800F-4F9C-AE90-6E403D69FAC5}.Debug|Any CPU.Build.0 = Debug|Any CPU
		{E312A913-800F-4F9C-AE90-6E403D69FAC5}.Release|Any CPU.ActiveCfg = Release|Any CPU
		{E312A913-800F-4F9C-AE90-6E403D69FAC5}.Release|Any CPU.Build.0 = Release|Any CPU
		{070AB185-0F6D-4205-AE5C-D7772EDAEE77}.Debug|Any CPU.ActiveCfg = Debug|Any CPU
		{070AB185-0F6D-4205-AE5C-D7772EDAEE77}.Debug|Any CPU.Build.0 = Debug|Any CPU
		{070AB185-0F6D-4205-AE5C-D7772EDAEE77}.Release|Any CPU.ActiveCfg = Release|Any CPU
		{070AB185-0F6D-4205-AE5C-D7772EDAEE77}.Release|Any CPU.Build.0 = Release|Any CPU
		{C32B3863-BD31-4804-9E00-3323A308AC5E}.Debug|Any CPU.ActiveCfg = Debug|Any CPU
		{C32B3863-BD31-4804-9E00-3323A308AC5E}.Debug|Any CPU.Build.0 = Debug|Any CPU
		{C32B3863-BD31-4804-9E00-3323A308AC5E}.Release|Any CPU.ActiveCfg = Release|Any CPU
		{C32B3863-BD31-4804-9E00-3323A308AC5E}.Release|Any CPU.Build.0 = Release|Any CPU
		{39D13A02-290C-4106-9590-66D1BDB34EDB}.Debug|Any CPU.ActiveCfg = Debug|Any CPU
		{39D13A02-290C-4106-9590-66D1BDB34EDB}.Debug|Any CPU.Build.0 = Debug|Any CPU
		{39D13A02-290C-4106-9590-66D1BDB34EDB}.Release|Any CPU.ActiveCfg = Release|Any CPU
		{39D13A02-290C-4106-9590-66D1BDB34EDB}.Release|Any CPU.Build.0 = Release|Any CPU
		{7B6B60D9-8CF5-46CE-9450-819BD43F6484}.Debug|Any CPU.ActiveCfg = Debug|Any CPU
		{7B6B60D9-8CF5-46CE-9450-819BD43F6484}.Debug|Any CPU.Build.0 = Debug|Any CPU
		{7B6B60D9-8CF5-46CE-9450-819BD43F6484}.Release|Any CPU.ActiveCfg = Release|Any CPU
		{7B6B60D9-8CF5-46CE-9450-819BD43F6484}.Release|Any CPU.Build.0 = Release|Any CPU
		{1697605E-9280-4BC1-B133-8253A880AAAA}.Debug|Any CPU.ActiveCfg = Debug|Any CPU
		{1697605E-9280-4BC1-B133-8253A880AAAA}.Debug|Any CPU.Build.0 = Debug|Any CPU
		{1697605E-9280-4BC1-B133-8253A880AAAA}.Release|Any CPU.ActiveCfg = Release|Any CPU
		{1697605E-9280-4BC1-B133-8253A880AAAA}.Release|Any CPU.Build.0 = Release|Any CPU
		{0F9B6EDA-4D75-4728-974B-642F07B3287C}.Debug|Any CPU.ActiveCfg = Debug|Any CPU
		{0F9B6EDA-4D75-4728-974B-642F07B3287C}.Debug|Any CPU.Build.0 = Debug|Any CPU
		{0F9B6EDA-4D75-4728-974B-642F07B3287C}.Release|Any CPU.ActiveCfg = Release|Any CPU
		{0F9B6EDA-4D75-4728-974B-642F07B3287C}.Release|Any CPU.Build.0 = Release|Any CPU
		{A11B989E-6506-4FC1-AD53-37F84A5EB8CA}.Debug|Any CPU.ActiveCfg = Debug|Any CPU
		{A11B989E-6506-4FC1-AD53-37F84A5EB8CA}.Debug|Any CPU.Build.0 = Debug|Any CPU
		{A11B989E-6506-4FC1-AD53-37F84A5EB8CA}.Release|Any CPU.ActiveCfg = Release|Any CPU
		{A11B989E-6506-4FC1-AD53-37F84A5EB8CA}.Release|Any CPU.Build.0 = Release|Any CPU
		{2AA2BE3C-6651-46F2-AED1-6DB8C70442F7}.Debug|Any CPU.ActiveCfg = Debug|Any CPU
		{2AA2BE3C-6651-46F2-AED1-6DB8C70442F7}.Debug|Any CPU.Build.0 = Debug|Any CPU
		{2AA2BE3C-6651-46F2-AED1-6DB8C70442F7}.Release|Any CPU.ActiveCfg = Release|Any CPU
		{2AA2BE3C-6651-46F2-AED1-6DB8C70442F7}.Release|Any CPU.Build.0 = Release|Any CPU
	EndGlobalSection
	GlobalSection(SolutionProperties) = preSolution
		HideSolutionNode = FALSE
	EndGlobalSection
	GlobalSection(NestedProjects) = preSolution
		{0F9B6EDA-4D75-4728-974B-642F07B3287C} = {32744C8C-CF32-4E7C-A75E-6BEA4A52AC70}
		{A11B989E-6506-4FC1-AD53-37F84A5EB8CA} = {72165994-8ED0-4078-94DF-0D2114B8F3C3}
		{2AA2BE3C-6651-46F2-AED1-6DB8C70442F7} = {E03F0C14-802B-4489-9369-2E3B3B5BF527}
	EndGlobalSection
	GlobalSection(ExtensibilityGlobals) = postSolution
		SolutionGuid = {F98CE693-F6CE-4A99-953B-8F72269A3CC8}
	EndGlobalSection
EndGlobal
