
Microsoft Visual Studio Solution File, Format Version 12.00
# Visual Studio Version 17
VisualStudioVersion = 17.5.002.0
MinimumVisualStudioVersion = 10.0.40219.1
Project("{9A19103F-16F7-4668-BE54-9A1E7A4F7556}") = "Backend_Excel", "Backend_Excel\Backend_Excel.csproj", "{59D653B2-DCD5-4B01-9929-68044AE14032}"
EndProject
Project("{9A19103F-16F7-4668-BE54-9A1E7A4F7556}") = "Backend_Excel_funcDB", "Backend_Excel_funcDB\Backend_Excel_funcDB.csproj", "{B7531E88-B1A7-46E5-9E9F-1D72778EA08E}"
EndProject
Project("{9A19103F-16F7-4668-BE54-9A1E7A4F7556}") = "BE_Practice", "BE_Practice\BE_Practice.csproj", "{0C7DBCEF-FD8E-4B51-8A12-DE897FF04B70}"
EndProject
Project("{9A19103F-16F7-4668-BE54-9A1E7A4F7556}") = "daY 7", "Day 7\daY 7.csproj", "{378E44F2-7002-404F-8A45-1995CBB29AF7}"
EndProject
Project("{9A19103F-16F7-4668-BE54-9A1E7A4F7556}") = "excelCloneTask", "excelCloneTask\excelCloneTask.csproj", "{9AB7C29C-5A2F-43E8-900D-6787BC86E8A7}"
EndProject
Project("{9A19103F-16F7-4668-BE54-9A1E7A4F7556}") = "Push Chunks into DB", "Push Chunks into DB\Push Chunks into DB.csproj", "{86D8AB7A-4D2E-4F97-84E3-1FEC8E21EA39}"
EndProject
Project("{2150E333-8FDC-42A3-9474-1A3956D46DE8}") = "Day 10", "Day 10", "{6EBB59DF-9ACC-406E-B2F7-607B4A620926}"
EndProject
Project("{9A19103F-16F7-4668-BE54-9A1E7A4F7556}") = "Excel Clone first", "Day 10\Excel Clone first\Excel Clone first.csproj", "{03F98B22-739C-4914-9DA1-727A12BE4886}"
EndProject
Project("{2150E333-8FDC-42A3-9474-1A3956D46DE8}") = "Learning Projects", "Learning Projects", "{4592347F-CDC5-4F01-8035-914369FA8F17}"
EndProject
Project("{9A19103F-16F7-4668-BE54-9A1E7A4F7556}") = "test1", "Learning Projects\test1\test1.csproj", "{B281E6E5-B44D-479E-8D63-F90974149EB7}"
EndProject
Project("{2150E333-8FDC-42A3-9474-1A3956D46DE8}") = "SeriosBackend", "SeriosBackend", "{3A12925D-5429-4039-B687-8653F0A4E092}"
EndProject
Project("{9A19103F-16F7-4668-BE54-9A1E7A4F7556}") = "backendAPI", "SeriosBackend\backendAPI\backendAPI.csproj", "{0E03213E-0B28-4481-888B-E498733E3D9A}"
EndProject
Global
	GlobalSection(SolutionConfigurationPlatforms) = preSolution
		Debug|Any CPU = Debug|Any CPU
		Release|Any CPU = Release|Any CPU
	EndGlobalSection
	GlobalSection(ProjectConfigurationPlatforms) = postSolution
		{59D653B2-DCD5-4B01-9929-68044AE14032}.Debug|Any CPU.ActiveCfg = Debug|Any CPU
		{59D653B2-DCD5-4B01-9929-68044AE14032}.Debug|Any CPU.Build.0 = Debug|Any CPU
		{59D653B2-DCD5-4B01-9929-68044AE14032}.Release|Any CPU.ActiveCfg = Release|Any CPU
		{59D653B2-DCD5-4B01-9929-68044AE14032}.Release|Any CPU.Build.0 = Release|Any CPU
		{B7531E88-B1A7-46E5-9E9F-1D72778EA08E}.Debug|Any CPU.ActiveCfg = Debug|Any CPU
		{B7531E88-B1A7-46E5-9E9F-1D72778EA08E}.Debug|Any CPU.Build.0 = Debug|Any CPU
		{B7531E88-B1A7-46E5-9E9F-1D72778EA08E}.Release|Any CPU.ActiveCfg = Release|Any CPU
		{B7531E88-B1A7-46E5-9E9F-1D72778EA08E}.Release|Any CPU.Build.0 = Release|Any CPU
		{0C7DBCEF-FD8E-4B51-8A12-DE897FF04B70}.Debug|Any CPU.ActiveCfg = Debug|Any CPU
		{0C7DBCEF-FD8E-4B51-8A12-DE897FF04B70}.Debug|Any CPU.Build.0 = Debug|Any CPU
		{0C7DBCEF-FD8E-4B51-8A12-DE897FF04B70}.Release|Any CPU.ActiveCfg = Release|Any CPU
		{0C7DBCEF-FD8E-4B51-8A12-DE897FF04B70}.Release|Any CPU.Build.0 = Release|Any CPU
		{378E44F2-7002-404F-8A45-1995CBB29AF7}.Debug|Any CPU.ActiveCfg = Debug|Any CPU
		{378E44F2-7002-404F-8A45-1995CBB29AF7}.Debug|Any CPU.Build.0 = Debug|Any CPU
		{378E44F2-7002-404F-8A45-1995CBB29AF7}.Release|Any CPU.ActiveCfg = Release|Any CPU
		{378E44F2-7002-404F-8A45-1995CBB29AF7}.Release|Any CPU.Build.0 = Release|Any CPU
		{9AB7C29C-5A2F-43E8-900D-6787BC86E8A7}.Debug|Any CPU.ActiveCfg = Debug|Any CPU
		{9AB7C29C-5A2F-43E8-900D-6787BC86E8A7}.Debug|Any CPU.Build.0 = Debug|Any CPU
		{9AB7C29C-5A2F-43E8-900D-6787BC86E8A7}.Release|Any CPU.ActiveCfg = Release|Any CPU
		{9AB7C29C-5A2F-43E8-900D-6787BC86E8A7}.Release|Any CPU.Build.0 = Release|Any CPU
		{86D8AB7A-4D2E-4F97-84E3-1FEC8E21EA39}.Debug|Any CPU.ActiveCfg = Debug|Any CPU
		{86D8AB7A-4D2E-4F97-84E3-1FEC8E21EA39}.Debug|Any CPU.Build.0 = Debug|Any CPU
		{86D8AB7A-4D2E-4F97-84E3-1FEC8E21EA39}.Release|Any CPU.ActiveCfg = Release|Any CPU
		{86D8AB7A-4D2E-4F97-84E3-1FEC8E21EA39}.Release|Any CPU.Build.0 = Release|Any CPU
		{03F98B22-739C-4914-9DA1-727A12BE4886}.Debug|Any CPU.ActiveCfg = Debug|Any CPU
		{03F98B22-739C-4914-9DA1-727A12BE4886}.Debug|Any CPU.Build.0 = Debug|Any CPU
		{03F98B22-739C-4914-9DA1-727A12BE4886}.Release|Any CPU.ActiveCfg = Release|Any CPU
		{03F98B22-739C-4914-9DA1-727A12BE4886}.Release|Any CPU.Build.0 = Release|Any CPU
		{B281E6E5-B44D-479E-8D63-F90974149EB7}.Debug|Any CPU.ActiveCfg = Debug|Any CPU
		{B281E6E5-B44D-479E-8D63-F90974149EB7}.Debug|Any CPU.Build.0 = Debug|Any CPU
		{B281E6E5-B44D-479E-8D63-F90974149EB7}.Release|Any CPU.ActiveCfg = Release|Any CPU
		{B281E6E5-B44D-479E-8D63-F90974149EB7}.Release|Any CPU.Build.0 = Release|Any CPU
		{0E03213E-0B28-4481-888B-E498733E3D9A}.Debug|Any CPU.ActiveCfg = Debug|Any CPU
		{0E03213E-0B28-4481-888B-E498733E3D9A}.Debug|Any CPU.Build.0 = Debug|Any CPU
		{0E03213E-0B28-4481-888B-E498733E3D9A}.Release|Any CPU.ActiveCfg = Release|Any CPU
		{0E03213E-0B28-4481-888B-E498733E3D9A}.Release|Any CPU.Build.0 = Release|Any CPU
	EndGlobalSection
	GlobalSection(SolutionProperties) = preSolution
		HideSolutionNode = FALSE
	EndGlobalSection
	GlobalSection(NestedProjects) = preSolution
		{03F98B22-739C-4914-9DA1-727A12BE4886} = {6EBB59DF-9ACC-406E-B2F7-607B4A620926}
		{B281E6E5-B44D-479E-8D63-F90974149EB7} = {4592347F-CDC5-4F01-8035-914369FA8F17}
		{0E03213E-0B28-4481-888B-E498733E3D9A} = {3A12925D-5429-4039-B687-8653F0A4E092}
	EndGlobalSection
	GlobalSection(ExtensibilityGlobals) = postSolution
		SolutionGuid = {F98CE693-F6CE-4A99-953B-8F72269A3CC8}
	EndGlobalSection
EndGlobal
